// !$*UTF8*$!
{
	archiveVersion = 1;
	classes = {
	};
	objectVersion = 55;
	objects = {

/* Begin PBXBuildFile section */
		2FCB053D283E68D8003F1E56 /* AppDelegate.swift in Sources */ = {isa = PBXBuildFile; fileRef = 2FCB053C283E68D8003F1E56 /* AppDelegate.swift */; };
		2FCB053F283E68D8003F1E56 /* SceneDelegate.swift in Sources */ = {isa = PBXBuildFile; fileRef = 2FCB053E283E68D8003F1E56 /* SceneDelegate.swift */; };
		2FCB0541283E68D8003F1E56 /* ViewController.swift in Sources */ = {isa = PBXBuildFile; fileRef = 2FCB0540283E68D8003F1E56 /* ViewController.swift */; };
		2FCB0544283E68D8003F1E56 /* Main.storyboard in Resources */ = {isa = PBXBuildFile; fileRef = 2FCB0542283E68D8003F1E56 /* Main.storyboard */; };
		2FCB0546283E68D9003F1E56 /* Assets.xcassets in Resources */ = {isa = PBXBuildFile; fileRef = 2FCB0545283E68D9003F1E56 /* Assets.xcassets */; };
		2FCB0549283E68D9003F1E56 /* LaunchScreen.storyboard in Resources */ = {isa = PBXBuildFile; fileRef = 2FCB0547283E68D9003F1E56 /* LaunchScreen.storyboard */; };
		2FCB0554283E68D9003F1E56 /* TestSwiftPackageProjectTests.swift in Sources */ = {isa = PBXBuildFile; fileRef = 2FCB0553283E68D9003F1E56 /* TestSwiftPackageProjectTests.swift */; };
		2FCB055E283E68D9003F1E56 /* TestSwiftPackageProjectUITests.swift in Sources */ = {isa = PBXBuildFile; fileRef = 2FCB055D283E68D9003F1E56 /* TestSwiftPackageProjectUITests.swift */; };
		2FCB0560283E68D9003F1E56 /* TestSwiftPackageProjectUITestsLaunchTests.swift in Sources */ = {isa = PBXBuildFile; fileRef = 2FCB055F283E68D9003F1E56 /* TestSwiftPackageProjectUITestsLaunchTests.swift */; };
		2FCB056E283E6AE8003F1E56 /* TestSwiftPackage in Frameworks */ = {isa = PBXBuildFile; productRef = 2FCB056D283E6AE8003F1E56 /* TestSwiftPackage */; };
/* End PBXBuildFile section */

/* Begin PBXContainerItemProxy section */
		2FCB0550283E68D9003F1E56 /* PBXContainerItemProxy */ = {
			isa = PBXContainerItemProxy;
			containerPortal = 2FCB0531283E68D8003F1E56 /* Project object */;
			proxyType = 1;
			remoteGlobalIDString = 2FCB0538283E68D8003F1E56;
			remoteInfo = TestSwiftPackageProject;
		};
		2FCB055A283E68D9003F1E56 /* PBXContainerItemProxy */ = {
			isa = PBXContainerItemProxy;
			containerPortal = 2FCB0531283E68D8003F1E56 /* Project object */;
			proxyType = 1;
			remoteGlobalIDString = 2FCB0538283E68D8003F1E56;
			remoteInfo = TestSwiftPackageProject;
		};
/* End PBXContainerItemProxy section */

/* Begin PBXFileReference section */
		2FCB0539283E68D8003F1E56 /* TestSwiftPackageProject.app */ = {isa = PBXFileReference; explicitFileType = wrapper.application; includeInIndex = 0; path = TestSwiftPackageProject.app; sourceTree = BUILT_PRODUCTS_DIR; };
		2FCB053C283E68D8003F1E56 /* AppDelegate.swift */ = {isa = PBXFileReference; lastKnownFileType = sourcecode.swift; path = AppDelegate.swift; sourceTree = "<group>"; };
		2FCB053E283E68D8003F1E56 /* SceneDelegate.swift */ = {isa = PBXFileReference; lastKnownFileType = sourcecode.swift; path = SceneDelegate.swift; sourceTree = "<group>"; };
		2FCB0540283E68D8003F1E56 /* ViewController.swift */ = {isa = PBXFileReference; lastKnownFileType = sourcecode.swift; path = ViewController.swift; sourceTree = "<group>"; };
		2FCB0543283E68D8003F1E56 /* Base */ = {isa = PBXFileReference; lastKnownFileType = file.storyboard; name = Base; path = Base.lproj/Main.storyboard; sourceTree = "<group>"; };
		2FCB0545283E68D9003F1E56 /* Assets.xcassets */ = {isa = PBXFileReference; lastKnownFileType = folder.assetcatalog; path = Assets.xcassets; sourceTree = "<group>"; };
		2FCB0548283E68D9003F1E56 /* Base */ = {isa = PBXFileReference; lastKnownFileType = file.storyboard; name = Base; path = Base.lproj/LaunchScreen.storyboard; sourceTree = "<group>"; };
		2FCB054A283E68D9003F1E56 /* Info.plist */ = {isa = PBXFileReference; lastKnownFileType = text.plist.xml; path = Info.plist; sourceTree = "<group>"; };
		2FCB054F283E68D9003F1E56 /* TestSwiftPackageProjectTests.xctest */ = {isa = PBXFileReference; explicitFileType = wrapper.cfbundle; includeInIndex = 0; path = TestSwiftPackageProjectTests.xctest; sourceTree = BUILT_PRODUCTS_DIR; };
		2FCB0553283E68D9003F1E56 /* TestSwiftPackageProjectTests.swift */ = {isa = PBXFileReference; lastKnownFileType = sourcecode.swift; path = TestSwiftPackageProjectTests.swift; sourceTree = "<group>"; };
		2FCB0559283E68D9003F1E56 /* TestSwiftPackageProjectUITests.xctest */ = {isa = PBXFileReference; explicitFileType = wrapper.cfbundle; includeInIndex = 0; path = TestSwiftPackageProjectUITests.xctest; sourceTree = BUILT_PRODUCTS_DIR; };
		2FCB055D283E68D9003F1E56 /* TestSwiftPackageProjectUITests.swift */ = {isa = PBXFileReference; lastKnownFileType = sourcecode.swift; path = TestSwiftPackageProjectUITests.swift; sourceTree = "<group>"; };
		2FCB055F283E68D9003F1E56 /* TestSwiftPackageProjectUITestsLaunchTests.swift */ = {isa = PBXFileReference; lastKnownFileType = sourcecode.swift; path = TestSwiftPackageProjectUITestsLaunchTests.swift; sourceTree = "<group>"; };
/* End PBXFileReference section */

/* Begin PBXFrameworksBuildPhase section */
		2FCB0536283E68D8003F1E56 /* Frameworks */ = {
			isa = PBXFrameworksBuildPhase;
			buildActionMask = 2147483647;
			files = (
				2FCB056E283E6AE8003F1E56 /* TestSwiftPackage in Frameworks */,
			);
			runOnlyForDeploymentPostprocessing = 0;
		};
		2FCB054C283E68D9003F1E56 /* Frameworks */ = {
			isa = PBXFrameworksBuildPhase;
			buildActionMask = 2147483647;
			files = (
			);
			runOnlyForDeploymentPostprocessing = 0;
		};
		2FCB0556283E68D9003F1E56 /* Frameworks */ = {
			isa = PBXFrameworksBuildPhase;
			buildActionMask = 2147483647;
			files = (
			);
			runOnlyForDeploymentPostprocessing = 0;
		};
/* End PBXFrameworksBuildPhase section */

/* Begin PBXGroup section */
		2FCB0530283E68D8003F1E56 = {
			isa = PBXGroup;
			children = (
				2FCB053B283E68D8003F1E56 /* TestSwiftPackageProject */,
				2FCB0552283E68D9003F1E56 /* TestSwiftPackageProjectTests */,
				2FCB055C283E68D9003F1E56 /* TestSwiftPackageProjectUITests */,
				2FCB053A283E68D8003F1E56 /* Products */,
			);
			sourceTree = "<group>";
		};
		2FCB053A283E68D8003F1E56 /* Products */ = {
			isa = PBXGroup;
			children = (
				2FCB0539283E68D8003F1E56 /* TestSwiftPackageProject.app */,
				2FCB054F283E68D9003F1E56 /* TestSwiftPackageProjectTests.xctest */,
				2FCB0559283E68D9003F1E56 /* TestSwiftPackageProjectUITests.xctest */,
			);
			name = Products;
			sourceTree = "<group>";
		};
		2FCB053B283E68D8003F1E56 /* TestSwiftPackageProject */ = {
			isa = PBXGroup;
			children = (
				2FCB053C283E68D8003F1E56 /* AppDelegate.swift */,
				2FCB053E283E68D8003F1E56 /* SceneDelegate.swift */,
				2FCB0540283E68D8003F1E56 /* ViewController.swift */,
				2FCB0542283E68D8003F1E56 /* Main.storyboard */,
				2FCB0545283E68D9003F1E56 /* Assets.xcassets */,
				2FCB0547283E68D9003F1E56 /* LaunchScreen.storyboard */,
				2FCB054A283E68D9003F1E56 /* Info.plist */,
			);
			path = TestSwiftPackageProject;
			sourceTree = "<group>";
		};
		2FCB0552283E68D9003F1E56 /* TestSwiftPackageProjectTests */ = {
			isa = PBXGroup;
			children = (
				2FCB0553283E68D9003F1E56 /* TestSwiftPackageProjectTests.swift */,
			);
			path = TestSwiftPackageProjectTests;
			sourceTree = "<group>";
		};
		2FCB055C283E68D9003F1E56 /* TestSwiftPackageProjectUITests */ = {
			isa = PBXGroup;
			children = (
				2FCB055D283E68D9003F1E56 /* TestSwiftPackageProjectUITests.swift */,
				2FCB055F283E68D9003F1E56 /* TestSwiftPackageProjectUITestsLaunchTests.swift */,
			);
			path = TestSwiftPackageProjectUITests;
			sourceTree = "<group>";
		};
/* End PBXGroup section */

/* Begin PBXNativeTarget section */
		2FCB0538283E68D8003F1E56 /* TestSwiftPackageProject */ = {
			isa = PBXNativeTarget;
			buildConfigurationList = 2FCB0563283E68D9003F1E56 /* Build configuration list for PBXNativeTarget "TestSwiftPackageProject" */;
			buildPhases = (
				2FCB0535283E68D8003F1E56 /* Sources */,
				2FCB0536283E68D8003F1E56 /* Frameworks */,
				2FCB0537283E68D8003F1E56 /* Resources */,
			);
			buildRules = (
			);
			dependencies = (
			);
			name = TestSwiftPackageProject;
			packageProductDependencies = (
				2FCB056D283E6AE8003F1E56 /* TestSwiftPackage */,
			);
			productName = TestSwiftPackageProject;
			productReference = 2FCB0539283E68D8003F1E56 /* TestSwiftPackageProject.app */;
			productType = "com.apple.product-type.application";
		};
		2FCB054E283E68D9003F1E56 /* TestSwiftPackageProjectTests */ = {
			isa = PBXNativeTarget;
			buildConfigurationList = 2FCB0566283E68D9003F1E56 /* Build configuration list for PBXNativeTarget "TestSwiftPackageProjectTests" */;
			buildPhases = (
				2FCB054B283E68D9003F1E56 /* Sources */,
				2FCB054C283E68D9003F1E56 /* Frameworks */,
				2FCB054D283E68D9003F1E56 /* Resources */,
			);
			buildRules = (
			);
			dependencies = (
				2FCB0551283E68D9003F1E56 /* PBXTargetDependency */,
			);
			name = TestSwiftPackageProjectTests;
			productName = TestSwiftPackageProjectTests;
			productReference = 2FCB054F283E68D9003F1E56 /* TestSwiftPackageProjectTests.xctest */;
			productType = "com.apple.product-type.bundle.unit-test";
		};
		2FCB0558283E68D9003F1E56 /* TestSwiftPackageProjectUITests */ = {
			isa = PBXNativeTarget;
			buildConfigurationList = 2FCB0569283E68D9003F1E56 /* Build configuration list for PBXNativeTarget "TestSwiftPackageProjectUITests" */;
			buildPhases = (
				2FCB0555283E68D9003F1E56 /* Sources */,
				2FCB0556283E68D9003F1E56 /* Frameworks */,
				2FCB0557283E68D9003F1E56 /* Resources */,
			);
			buildRules = (
			);
			dependencies = (
				2FCB055B283E68D9003F1E56 /* PBXTargetDependency */,
			);
			name = TestSwiftPackageProjectUITests;
			productName = TestSwiftPackageProjectUITests;
			productReference = 2FCB0559283E68D9003F1E56 /* TestSwiftPackageProjectUITests.xctest */;
			productType = "com.apple.product-type.bundle.ui-testing";
		};
/* End PBXNativeTarget section */

/* Begin PBXProject section */
		2FCB0531283E68D8003F1E56 /* Project object */ = {
			isa = PBXProject;
			attributes = {
				BuildIndependentTargetsInParallel = 1;
				LastSwiftUpdateCheck = 1330;
				LastUpgradeCheck = 1330;
				TargetAttributes = {
					2FCB0538283E68D8003F1E56 = {
						CreatedOnToolsVersion = 13.3.1;
					};
					2FCB054E283E68D9003F1E56 = {
						CreatedOnToolsVersion = 13.3.1;
						TestTargetID = 2FCB0538283E68D8003F1E56;
					};
					2FCB0558283E68D9003F1E56 = {
						CreatedOnToolsVersion = 13.3.1;
						TestTargetID = 2FCB0538283E68D8003F1E56;
					};
				};
			};
			buildConfigurationList = 2FCB0534283E68D8003F1E56 /* Build configuration list for PBXProject "TestSwiftPackageProject" */;
			compatibilityVersion = "Xcode 13.0";
			developmentRegion = en;
			hasScannedForEncodings = 0;
			knownRegions = (
				en,
				Base,
			);
			mainGroup = 2FCB0530283E68D8003F1E56;
			packageReferences = (
				2FCB056C283E6AE8003F1E56 /* XCRemoteSwiftPackageReference "Repo1" */,
			);
			productRefGroup = 2FCB053A283E68D8003F1E56 /* Products */;
			projectDirPath = "";
			projectRoot = "";
			targets = (
				2FCB0538283E68D8003F1E56 /* TestSwiftPackageProject */,
				2FCB054E283E68D9003F1E56 /* TestSwiftPackageProjectTests */,
				2FCB0558283E68D9003F1E56 /* TestSwiftPackageProjectUITests */,
			);
		};
/* End PBXProject section */

/* Begin PBXResourcesBuildPhase section */
		2FCB0537283E68D8003F1E56 /* Resources */ = {
			isa = PBXResourcesBuildPhase;
			buildActionMask = 2147483647;
			files = (
				2FCB0549283E68D9003F1E56 /* LaunchScreen.storyboard in Resources */,
				2FCB0546283E68D9003F1E56 /* Assets.xcassets in Resources */,
				2FCB0544283E68D8003F1E56 /* Main.storyboard in Resources */,
			);
			runOnlyForDeploymentPostprocessing = 0;
		};
		2FCB054D283E68D9003F1E56 /* Resources */ = {
			isa = PBXResourcesBuildPhase;
			buildActionMask = 2147483647;
			files = (
			);
			runOnlyForDeploymentPostprocessing = 0;
		};
		2FCB0557283E68D9003F1E56 /* Resources */ = {
			isa = PBXResourcesBuildPhase;
			buildActionMask = 2147483647;
			files = (
			);
			runOnlyForDeploymentPostprocessing = 0;
		};
/* End PBXResourcesBuildPhase section */

/* Begin PBXSourcesBuildPhase section */
		2FCB0535283E68D8003F1E56 /* Sources */ = {
			isa = PBXSourcesBuildPhase;
			buildActionMask = 2147483647;
			files = (
				2FCB0541283E68D8003F1E56 /* ViewController.swift in Sources */,
				2FCB053D283E68D8003F1E56 /* AppDelegate.swift in Sources */,
				2FCB053F283E68D8003F1E56 /* SceneDelegate.swift in Sources */,
			);
			runOnlyForDeploymentPostprocessing = 0;
		};
		2FCB054B283E68D9003F1E56 /* Sources */ = {
			isa = PBXSourcesBuildPhase;
			buildActionMask = 2147483647;
			files = (
				2FCB0554283E68D9003F1E56 /* TestSwiftPackageProjectTests.swift in Sources */,
			);
			runOnlyForDeploymentPostprocessing = 0;
		};
		2FCB0555283E68D9003F1E56 /* Sources */ = {
			isa = PBXSourcesBuildPhase;
			buildActionMask = 2147483647;
			files = (
				2FCB055E283E68D9003F1E56 /* TestSwiftPackageProjectUITests.swift in Sources */,
				2FCB0560283E68D9003F1E56 /* TestSwiftPackageProjectUITestsLaunchTests.swift in Sources */,
			);
			runOnlyForDeploymentPostprocessing = 0;
		};
/* End PBXSourcesBuildPhase section */

/* Begin PBXTargetDependency section */
		2FCB0551283E68D9003F1E56 /* PBXTargetDependency */ = {
			isa = PBXTargetDependency;
			target = 2FCB0538283E68D8003F1E56 /* TestSwiftPackageProject */;
			targetProxy = 2FCB0550283E68D9003F1E56 /* PBXContainerItemProxy */;
		};
		2FCB055B283E68D9003F1E56 /* PBXTargetDependency */ = {
			isa = PBXTargetDependency;
			target = 2FCB0538283E68D8003F1E56 /* TestSwiftPackageProject */;
			targetProxy = 2FCB055A283E68D9003F1E56 /* PBXContainerItemProxy */;
		};
/* End PBXTargetDependency section */

/* Begin PBXVariantGroup section */
		2FCB0542283E68D8003F1E56 /* Main.storyboard */ = {
			isa = PBXVariantGroup;
			children = (
				2FCB0543283E68D8003F1E56 /* Base */,
			);
			name = Main.storyboard;
			sourceTree = "<group>";
		};
		2FCB0547283E68D9003F1E56 /* LaunchScreen.storyboard */ = {
			isa = PBXVariantGroup;
			children = (
				2FCB0548283E68D9003F1E56 /* Base */,
			);
			name = LaunchScreen.storyboard;
			sourceTree = "<group>";
		};
/* End PBXVariantGroup section */

/* Begin XCBuildConfiguration section */
		2FCB0561283E68D9003F1E56 /* Debug */ = {
			isa = XCBuildConfiguration;
			buildSettings = {
				ALWAYS_SEARCH_USER_PATHS = NO;
				CLANG_ANALYZER_NONNULL = YES;
				CLANG_ANALYZER_NUMBER_OBJECT_CONVERSION = YES_AGGRESSIVE;
				CLANG_CXX_LANGUAGE_STANDARD = "gnu++17";
				CLANG_ENABLE_MODULES = YES;
				CLANG_ENABLE_OBJC_ARC = YES;
				CLANG_ENABLE_OBJC_WEAK = YES;
				CLANG_WARN_BLOCK_CAPTURE_AUTORELEASING = YES;
				CLANG_WARN_BOOL_CONVERSION = YES;
				CLANG_WARN_COMMA = YES;
				CLANG_WARN_CONSTANT_CONVERSION = YES;
				CLANG_WARN_DEPRECATED_OBJC_IMPLEMENTATIONS = YES;
				CLANG_WARN_DIRECT_OBJC_ISA_USAGE = YES_ERROR;
				CLANG_WARN_DOCUMENTATION_COMMENTS = YES;
				CLANG_WARN_EMPTY_BODY = YES;
				CLANG_WARN_ENUM_CONVERSION = YES;
				CLANG_WARN_INFINITE_RECURSION = YES;
				CLANG_WARN_INT_CONVERSION = YES;
				CLANG_WARN_NON_LITERAL_NULL_CONVERSION = YES;
				CLANG_WARN_OBJC_IMPLICIT_RETAIN_SELF = YES;
				CLANG_WARN_OBJC_LITERAL_CONVERSION = YES;
				CLANG_WARN_OBJC_ROOT_CLASS = YES_ERROR;
				CLANG_WARN_QUOTED_INCLUDE_IN_FRAMEWORK_HEADER = YES;
				CLANG_WARN_RANGE_LOOP_ANALYSIS = YES;
				CLANG_WARN_STRICT_PROTOTYPES = YES;
				CLANG_WARN_SUSPICIOUS_MOVE = YES;
				CLANG_WARN_UNGUARDED_AVAILABILITY = YES_AGGRESSIVE;
				CLANG_WARN_UNREACHABLE_CODE = YES;
				CLANG_WARN__DUPLICATE_METHOD_MATCH = YES;
				COPY_PHASE_STRIP = NO;
				DEBUG_INFORMATION_FORMAT = dwarf;
				ENABLE_STRICT_OBJC_MSGSEND = YES;
				ENABLE_TESTABILITY = YES;
				GCC_C_LANGUAGE_STANDARD = gnu11;
				GCC_DYNAMIC_NO_PIC = NO;
				GCC_NO_COMMON_BLOCKS = YES;
				GCC_OPTIMIZATION_LEVEL = 0;
				GCC_PREPROCESSOR_DEFINITIONS = (
					"DEBUG=1",
					"$(inherited)",
				);
				GCC_WARN_64_TO_32_BIT_CONVERSION = YES;
				GCC_WARN_ABOUT_RETURN_TYPE = YES_ERROR;
				GCC_WARN_UNDECLARED_SELECTOR = YES;
				GCC_WARN_UNINITIALIZED_AUTOS = YES_AGGRESSIVE;
				GCC_WARN_UNUSED_FUNCTION = YES;
				GCC_WARN_UNUSED_VARIABLE = YES;
				IPHONEOS_DEPLOYMENT_TARGET = 15.4;
				MTL_ENABLE_DEBUG_INFO = INCLUDE_SOURCE;
				MTL_FAST_MATH = YES;
				ONLY_ACTIVE_ARCH = YES;
				SDKROOT = iphoneos;
				SWIFT_ACTIVE_COMPILATION_CONDITIONS = DEBUG;
				SWIFT_OPTIMIZATION_LEVEL = "-Onone";
			};
			name = Debug;
		};
		2FCB0562283E68D9003F1E56 /* Release */ = {
			isa = XCBuildConfiguration;
			buildSettings = {
				ALWAYS_SEARCH_USER_PATHS = NO;
				CLANG_ANALYZER_NONNULL = YES;
				CLANG_ANALYZER_NUMBER_OBJECT_CONVERSION = YES_AGGRESSIVE;
				CLANG_CXX_LANGUAGE_STANDARD = "gnu++17";
				CLANG_ENABLE_MODULES = YES;
				CLANG_ENABLE_OBJC_ARC = YES;
				CLANG_ENABLE_OBJC_WEAK = YES;
				CLANG_WARN_BLOCK_CAPTURE_AUTORELEASING = YES;
				CLANG_WARN_BOOL_CONVERSION = YES;
				CLANG_WARN_COMMA = YES;
				CLANG_WARN_CONSTANT_CONVERSION = YES;
				CLANG_WARN_DEPRECATED_OBJC_IMPLEMENTATIONS = YES;
				CLANG_WARN_DIRECT_OBJC_ISA_USAGE = YES_ERROR;
				CLANG_WARN_DOCUMENTATION_COMMENTS = YES;
				CLANG_WARN_EMPTY_BODY = YES;
				CLANG_WARN_ENUM_CONVERSION = YES;
				CLANG_WARN_INFINITE_RECURSION = YES;
				CLANG_WARN_INT_CONVERSION = YES;
				CLANG_WARN_NON_LITERAL_NULL_CONVERSION = YES;
				CLANG_WARN_OBJC_IMPLICIT_RETAIN_SELF = YES;
				CLANG_WARN_OBJC_LITERAL_CONVERSION = YES;
				CLANG_WARN_OBJC_ROOT_CLASS = YES_ERROR;
				CLANG_WARN_QUOTED_INCLUDE_IN_FRAMEWORK_HEADER = YES;
				CLANG_WARN_RANGE_LOOP_ANALYSIS = YES;
				CLANG_WARN_STRICT_PROTOTYPES = YES;
				CLANG_WARN_SUSPICIOUS_MOVE = YES;
				CLANG_WARN_UNGUARDED_AVAILABILITY = YES_AGGRESSIVE;
				CLANG_WARN_UNREACHABLE_CODE = YES;
				CLANG_WARN__DUPLICATE_METHOD_MATCH = YES;
				COPY_PHASE_STRIP = NO;
				DEBUG_INFORMATION_FORMAT = "dwarf-with-dsym";
				ENABLE_NS_ASSERTIONS = NO;
				ENABLE_STRICT_OBJC_MSGSEND = YES;
				GCC_C_LANGUAGE_STANDARD = gnu11;
				GCC_NO_COMMON_BLOCKS = YES;
				GCC_WARN_64_TO_32_BIT_CONVERSION = YES;
				GCC_WARN_ABOUT_RETURN_TYPE = YES_ERROR;
				GCC_WARN_UNDECLARED_SELECTOR = YES;
				GCC_WARN_UNINITIALIZED_AUTOS = YES_AGGRESSIVE;
				GCC_WARN_UNUSED_FUNCTION = YES;
				GCC_WARN_UNUSED_VARIABLE = YES;
				IPHONEOS_DEPLOYMENT_TARGET = 15.4;
				MTL_ENABLE_DEBUG_INFO = NO;
				MTL_FAST_MATH = YES;
				SDKROOT = iphoneos;
				SWIFT_COMPILATION_MODE = wholemodule;
				SWIFT_OPTIMIZATION_LEVEL = "-O";
				VALIDATE_PRODUCT = YES;
			};
			name = Release;
		};
		2FCB0564283E68D9003F1E56 /* Debug */ = {
			isa = XCBuildConfiguration;
			buildSettings = {
				ASSETCATALOG_COMPILER_APPICON_NAME = AppIcon;
				ASSETCATALOG_COMPILER_GLOBAL_ACCENT_COLOR_NAME = AccentColor;
				CODE_SIGN_STYLE = Automatic;
				CURRENT_PROJECT_VERSION = 1;
				GENERATE_INFOPLIST_FILE = YES;
				INFOPLIST_FILE = TestSwiftPackageProject/Info.plist;
				INFOPLIST_KEY_UIApplicationSupportsIndirectInputEvents = YES;
				INFOPLIST_KEY_UILaunchStoryboardName = LaunchScreen;
				INFOPLIST_KEY_UIMainStoryboardFile = Main;
				INFOPLIST_KEY_UISupportedInterfaceOrientations_iPad = "UIInterfaceOrientationPortrait UIInterfaceOrientationPortraitUpsideDown UIInterfaceOrientationLandscapeLeft UIInterfaceOrientationLandscapeRight";
				INFOPLIST_KEY_UISupportedInterfaceOrientations_iPhone = "UIInterfaceOrientationPortrait UIInterfaceOrientationLandscapeLeft UIInterfaceOrientationLandscapeRight";
				LD_RUNPATH_SEARCH_PATHS = (
					"$(inherited)",
					"@executable_path/Frameworks",
				);
				MARKETING_VERSION = 1.0;
				PRODUCT_BUNDLE_IDENTIFIER = YMedia.TestSwiftPackageProject;
				PRODUCT_NAME = "$(TARGET_NAME)";
				SWIFT_EMIT_LOC_STRINGS = YES;
				SWIFT_VERSION = 5.0;
				TARGETED_DEVICE_FAMILY = "1,2";
			};
			name = Debug;
		};
		2FCB0565283E68D9003F1E56 /* Release */ = {
			isa = XCBuildConfiguration;
			buildSettings = {
				ASSETCATALOG_COMPILER_APPICON_NAME = AppIcon;
				ASSETCATALOG_COMPILER_GLOBAL_ACCENT_COLOR_NAME = AccentColor;
				CODE_SIGN_STYLE = Automatic;
				CURRENT_PROJECT_VERSION = 1;
				GENERATE_INFOPLIST_FILE = YES;
				INFOPLIST_FILE = TestSwiftPackageProject/Info.plist;
				INFOPLIST_KEY_UIApplicationSupportsIndirectInputEvents = YES;
				INFOPLIST_KEY_UILaunchStoryboardName = LaunchScreen;
				INFOPLIST_KEY_UIMainStoryboardFile = Main;
				INFOPLIST_KEY_UISupportedInterfaceOrientations_iPad = "UIInterfaceOrientationPortrait UIInterfaceOrientationPortraitUpsideDown UIInterfaceOrientationLandscapeLeft UIInterfaceOrientationLandscapeRight";
				INFOPLIST_KEY_UISupportedInterfaceOrientations_iPhone = "UIInterfaceOrientationPortrait UIInterfaceOrientationLandscapeLeft UIInterfaceOrientationLandscapeRight";
				LD_RUNPATH_SEARCH_PATHS = (
					"$(inherited)",
					"@executable_path/Frameworks",
				);
				MARKETING_VERSION = 1.0;
				PRODUCT_BUNDLE_IDENTIFIER = YMedia.TestSwiftPackageProject;
				PRODUCT_NAME = "$(TARGET_NAME)";
				SWIFT_EMIT_LOC_STRINGS = YES;
				SWIFT_VERSION = 5.0;
				TARGETED_DEVICE_FAMILY = "1,2";
			};
			name = Release;
		};
		2FCB0567283E68D9003F1E56 /* Debug */ = {
			isa = XCBuildConfiguration;
			buildSettings = {
				ALWAYS_EMBED_SWIFT_STANDARD_LIBRARIES = YES;
				BUNDLE_LOADER = "$(TEST_HOST)";
				CODE_SIGN_STYLE = Automatic;
				CURRENT_PROJECT_VERSION = 1;
				GENERATE_INFOPLIST_FILE = YES;
				IPHONEOS_DEPLOYMENT_TARGET = 15.4;
				MARKETING_VERSION = 1.0;
				PRODUCT_BUNDLE_IDENTIFIER = YMedia.TestSwiftPackageProjectTests;
				PRODUCT_NAME = "$(TARGET_NAME)";
				SWIFT_EMIT_LOC_STRINGS = NO;
				SWIFT_VERSION = 5.0;
				TARGETED_DEVICE_FAMILY = "1,2";
				TEST_HOST = "$(BUILT_PRODUCTS_DIR)/TestSwiftPackageProject.app/TestSwiftPackageProject";
			};
			name = Debug;
		};
		2FCB0568283E68D9003F1E56 /* Release */ = {
			isa = XCBuildConfiguration;
			buildSettings = {
				ALWAYS_EMBED_SWIFT_STANDARD_LIBRARIES = YES;
				BUNDLE_LOADER = "$(TEST_HOST)";
				CODE_SIGN_STYLE = Automatic;
				CURRENT_PROJECT_VERSION = 1;
				GENERATE_INFOPLIST_FILE = YES;
				IPHONEOS_DEPLOYMENT_TARGET = 15.4;
				MARKETING_VERSION = 1.0;
				PRODUCT_BUNDLE_IDENTIFIER = YMedia.TestSwiftPackageProjectTests;
				PRODUCT_NAME = "$(TARGET_NAME)";
				SWIFT_EMIT_LOC_STRINGS = NO;
				SWIFT_VERSION = 5.0;
				TARGETED_DEVICE_FAMILY = "1,2";
				TEST_HOST = "$(BUILT_PRODUCTS_DIR)/TestSwiftPackageProject.app/TestSwiftPackageProject";
			};
			name = Release;
		};
		2FCB056A283E68D9003F1E56 /* Debug */ = {
			isa = XCBuildConfiguration;
			buildSettings = {
				ALWAYS_EMBED_SWIFT_STANDARD_LIBRARIES = YES;
				CODE_SIGN_STYLE = Automatic;
				CURRENT_PROJECT_VERSION = 1;
				GENERATE_INFOPLIST_FILE = YES;
				MARKETING_VERSION = 1.0;
				PRODUCT_BUNDLE_IDENTIFIER = YMedia.TestSwiftPackageProjectUITests;
				PRODUCT_NAME = "$(TARGET_NAME)";
				SWIFT_EMIT_LOC_STRINGS = NO;
				SWIFT_VERSION = 5.0;
				TARGETED_DEVICE_FAMILY = "1,2";
				TEST_TARGET_NAME = TestSwiftPackageProject;
			};
			name = Debug;
		};
		2FCB056B283E68D9003F1E56 /* Release */ = {
			isa = XCBuildConfiguration;
			buildSettings = {
				ALWAYS_EMBED_SWIFT_STANDARD_LIBRARIES = YES;
				CODE_SIGN_STYLE = Automatic;
				CURRENT_PROJECT_VERSION = 1;
				GENERATE_INFOPLIST_FILE = YES;
				MARKETING_VERSION = 1.0;
				PRODUCT_BUNDLE_IDENTIFIER = YMedia.TestSwiftPackageProjectUITests;
				PRODUCT_NAME = "$(TARGET_NAME)";
				SWIFT_EMIT_LOC_STRINGS = NO;
				SWIFT_VERSION = 5.0;
				TARGETED_DEVICE_FAMILY = "1,2";
				TEST_TARGET_NAME = TestSwiftPackageProject;
			};
			name = Release;
		};
/* End XCBuildConfiguration section */

/* Begin XCConfigurationList section */
		2FCB0534283E68D8003F1E56 /* Build configuration list for PBXProject "TestSwiftPackageProject" */ = {
			isa = XCConfigurationList;
			buildConfigurations = (
				2FCB0561283E68D9003F1E56 /* Debug */,
				2FCB0562283E68D9003F1E56 /* Release */,
			);
			defaultConfigurationIsVisible = 0;
			defaultConfigurationName = Release;
		};
		2FCB0563283E68D9003F1E56 /* Build configuration list for PBXNativeTarget "TestSwiftPackageProject" */ = {
			isa = XCConfigurationList;
			buildConfigurations = (
				2FCB0564283E68D9003F1E56 /* Debug */,
				2FCB0565283E68D9003F1E56 /* Release */,
			);
			defaultConfigurationIsVisible = 0;
			defaultConfigurationName = Release;
		};
		2FCB0566283E68D9003F1E56 /* Build configuration list for PBXNativeTarget "TestSwiftPackageProjectTests" */ = {
			isa = XCConfigurationList;
			buildConfigurations = (
				2FCB0567283E68D9003F1E56 /* Debug */,
				2FCB0568283E68D9003F1E56 /* Release */,
			);
			defaultConfigurationIsVisible = 0;
			defaultConfigurationName = Release;
		};
		2FCB0569283E68D9003F1E56 /* Build configuration list for PBXNativeTarget "TestSwiftPackageProjectUITests" */ = {
			isa = XCConfigurationList;
			buildConfigurations = (
				2FCB056A283E68D9003F1E56 /* Debug */,
				2FCB056B283E68D9003F1E56 /* Release */,
			);
			defaultConfigurationIsVisible = 0;
			defaultConfigurationName = Release;
		};
/* End XCConfigurationList section */

/* Begin XCRemoteSwiftPackageReference section */
		2FCB056C283E6AE8003F1E56 /* XCRemoteSwiftPackageReference "Repo1" */ = {
			isa = XCRemoteSwiftPackageReference;
			repositoryURL = "https://github.com/Aishwaryalaxmi/Repo1";
			requirement = {
				branch = main;
				kind = branch;
			};
		};
/* End XCRemoteSwiftPackageReference section */

/* Begin XCSwiftPackageProductDependency section */
		2FCB056D283E6AE8003F1E56 /* TestSwiftPackage */ = {
			isa = XCSwiftPackageProductDependency;
			package = 2FCB056C283E6AE8003F1E56 /* XCRemoteSwiftPackageReference "Repo1" */;
			productName = TestSwiftPackage;
		};
/* End XCSwiftPackageProductDependency section */
	};
	rootObject = 2FCB0531283E68D8003F1E56 /* Project object */;
}
